
Microsoft Visual Studio Solution File, Format Version 12.00
# Visual Studio Version 16
VisualStudioVersion = 16.0.30114.105
MinimumVisualStudioVersion = 10.0.40219.1
Project("{FAE04EC0-301F-11D3-BF4B-00C04F79EFBC}") = "AppStoreWithAuth", "AppStoreWithAuth\AppStoreWithAuth.csproj", "{05173E0A-6FD9-4E32-9232-4490816C6461}"
EndProject
Global
	GlobalSection(SolutionConfigurationPlatforms) = preSolution
		Debug|Any CPU = Debug|Any CPU
		Release|Any CPU = Release|Any CPU
	EndGlobalSection
	GlobalSection(ProjectConfigurationPlatforms) = postSolution
		{05173E0A-6FD9-4E32-9232-4490816C6461}.Debug|Any CPU.ActiveCfg = Debug|Any CPU
		{05173E0A-6FD9-4E32-9232-4490816C6461}.Debug|Any CPU.Build.0 = Debug|Any CPU
		{05173E0A-6FD9-4E32-9232-4490816C6461}.Release|Any CPU.ActiveCfg = Release|Any CPU
		{05173E0A-6FD9-4E32-9232-4490816C6461}.Release|Any CPU.Build.0 = Release|Any CPU
	EndGlobalSection
	GlobalSection(SolutionProperties) = preSolution
		HideSolutionNode = FALSE
	EndGlobalSection
	GlobalSection(ExtensibilityGlobals) = postSolution
		SolutionGuid = {E1B1A905-C410-446E-AD9F-84D306FB6B69}
	EndGlobalSection
EndGlobal
